
Microsoft Visual Studio Solution File, Format Version 12.00
# Visual Studio 2013
VisualStudioVersion = 12.0.31101.0
MinimumVisualStudioVersion = 10.0.40219.1
Project("{FAE04EC0-301F-11D3-BF4B-00C04F79EFBC}") = "Mermaid.Loft.ConsoleDemo", "Mermaid.Loft.Console\Mermaid.Loft.ConsoleDemo.csproj", "{4243E923-C785-454C-B7BE-BDD866050D74}"
EndProject
Project("{FAE04EC0-301F-11D3-BF4B-00C04F79EFBC}") = "Mermaid.Loft.Infrastructure", "Mermaid.Loft.Infrastructure\Mermaid.Loft.Infrastructure.csproj", "{1D3FF400-D7B7-48D9-97DE-A3144F65CE0E}"
EndProject
Project("{FAE04EC0-301F-11D3-BF4B-00C04F79EFBC}") = "Mermaid.Loft.Infrastructure.Repositories", "Mermaid.Loft.Infrastructure.Repositories\Mermaid.Loft.Infrastructure.Repositories.csproj", "{09933211-0983-42A3-8B82-C00A44A68321}"
EndProject
Project("{FAE04EC0-301F-11D3-BF4B-00C04F79EFBC}") = "Mermaid.Loft.Model", "Mermaid.Loft.Model\Mermaid.Loft.Model.csproj", "{00B35F88-2E67-4B7C-A837-18F60ADF3613}"
EndProject
Project("{2150E333-8FDC-42A3-9474-1A3956D46DE8}") = "BaseInfrastructure", "BaseInfrastructure", "{071BC8BA-99CB-4F62-A6DC-564C1B23B32D}"
EndProject
Project("{FAE04EC0-301F-11D3-BF4B-00C04F79EFBC}") = "Mermaid.Loft.Infrastructure.Ioc", "Mermaid.Loft.Infrastructure.Ioc\Mermaid.Loft.Infrastructure.Ioc.csproj", "{713F1038-C74C-4730-BE19-96EC27113F6D}"
EndProject
Project("{FAE04EC0-301F-11D3-BF4B-00C04F79EFBC}") = "Mermaid.Loft.Infrastructure.Mapper", "Mermaid.Loft.Infrastructure.Mapper\Mermaid.Loft.Infrastructure.Mapper.csproj", "{D1CED909-7074-4558-864D-BDBE8A64C57C}"
EndProject
Project("{FAE04EC0-301F-11D3-BF4B-00C04F79EFBC}") = "Mermaid.Loft.Infrastructure.DelegateExtensions", "Mermaid.Loft.Infrastructure.DelegateExtensions\Mermaid.Loft.Infrastructure.DelegateExtensions.csproj", "{A8AB2BFD-73C6-460D-91BF-0B0A3F9F62DC}"
EndProject
Project("{FAE04EC0-301F-11D3-BF4B-00C04F79EFBC}") = "Mermaid.Loft.Infrastructure.Dapper", "Mermaid.Loft.DapperInfrastructure\Mermaid.Loft.Infrastructure.Dapper.csproj", "{86FD91C7-5A92-441E-8381-124787E64A2E}"
EndProject
Project("{FAE04EC0-301F-11D3-BF4B-00C04F79EFBC}") = "Mermaid.Loft.Infrastructure.Autofac", "Mermaid.Loft.AutofacInfrastructure\Mermaid.Loft.Infrastructure.Autofac.csproj", "{4FA386A0-F0A7-493D-AB61-D732C1A29294}"
EndProject
Project("{FAE04EC0-301F-11D3-BF4B-00C04F79EFBC}") = "Mermaid.Loft.Infrastructure.AutoMapper", "Mermaid.Loft.AutoMapperInfrastructure\Mermaid.Loft.Infrastructure.AutoMapper.csproj", "{48E2F451-87EB-4920-B1E0-F6F6C9EFDD1E}"
EndProject
Project("{FAE04EC0-301F-11D3-BF4B-00C04F79EFBC}") = "Mermaid.Loft.Infrastructure.TestUnit", "Mermaid.Loft.Infrastructure.TestUnit\Mermaid.Loft.Infrastructure.TestUnit.csproj", "{4712BB0C-129F-4F58-86FA-60BFB0E2F2C8}"
EndProject
Project("{FAE04EC0-301F-11D3-BF4B-00C04F79EFBC}") = "Mermaid.Loft.Infrastructure.Aop", "Mermaid.Loft.Aop\Mermaid.Loft.Infrastructure.Aop.csproj", "{48C1C056-058B-4A95-96DC-7CEAF3B604C3}"
EndProject
Project("{FAE04EC0-301F-11D3-BF4B-00C04F79EFBC}") = "Mermaid.Loft.Infrastructure.EventHandlers", "Mermaid.Loft.Infrastructure.EventHandles\Mermaid.Loft.Infrastructure.EventHandlers.csproj", "{48F0636C-F1AE-4F11-ABE3-08D252A14C51}"
EndProject
Global
	GlobalSection(SolutionConfigurationPlatforms) = preSolution
		Debug|Any CPU = Debug|Any CPU
		Release|Any CPU = Release|Any CPU
	EndGlobalSection
	GlobalSection(ProjectConfigurationPlatforms) = postSolution
		{4243E923-C785-454C-B7BE-BDD866050D74}.Debug|Any CPU.ActiveCfg = Debug|Any CPU
		{4243E923-C785-454C-B7BE-BDD866050D74}.Debug|Any CPU.Build.0 = Debug|Any CPU
		{4243E923-C785-454C-B7BE-BDD866050D74}.Release|Any CPU.ActiveCfg = Release|Any CPU
		{4243E923-C785-454C-B7BE-BDD866050D74}.Release|Any CPU.Build.0 = Release|Any CPU
		{1D3FF400-D7B7-48D9-97DE-A3144F65CE0E}.Debug|Any CPU.ActiveCfg = Debug|Any CPU
		{1D3FF400-D7B7-48D9-97DE-A3144F65CE0E}.Debug|Any CPU.Build.0 = Debug|Any CPU
		{1D3FF400-D7B7-48D9-97DE-A3144F65CE0E}.Release|Any CPU.ActiveCfg = Release|Any CPU
		{1D3FF400-D7B7-48D9-97DE-A3144F65CE0E}.Release|Any CPU.Build.0 = Release|Any CPU
		{09933211-0983-42A3-8B82-C00A44A68321}.Debug|Any CPU.ActiveCfg = Debug|Any CPU
		{09933211-0983-42A3-8B82-C00A44A68321}.Debug|Any CPU.Build.0 = Debug|Any CPU
		{09933211-0983-42A3-8B82-C00A44A68321}.Release|Any CPU.ActiveCfg = Release|Any CPU
		{09933211-0983-42A3-8B82-C00A44A68321}.Release|Any CPU.Build.0 = Release|Any CPU
		{00B35F88-2E67-4B7C-A837-18F60ADF3613}.Debug|Any CPU.ActiveCfg = Debug|Any CPU
		{00B35F88-2E67-4B7C-A837-18F60ADF3613}.Debug|Any CPU.Build.0 = Debug|Any CPU
		{00B35F88-2E67-4B7C-A837-18F60ADF3613}.Release|Any CPU.ActiveCfg = Release|Any CPU
		{00B35F88-2E67-4B7C-A837-18F60ADF3613}.Release|Any CPU.Build.0 = Release|Any CPU
		{713F1038-C74C-4730-BE19-96EC27113F6D}.Debug|Any CPU.ActiveCfg = Debug|Any CPU
		{713F1038-C74C-4730-BE19-96EC27113F6D}.Debug|Any CPU.Build.0 = Debug|Any CPU
		{713F1038-C74C-4730-BE19-96EC27113F6D}.Release|Any CPU.ActiveCfg = Release|Any CPU
		{713F1038-C74C-4730-BE19-96EC27113F6D}.Release|Any CPU.Build.0 = Release|Any CPU
		{D1CED909-7074-4558-864D-BDBE8A64C57C}.Debug|Any CPU.ActiveCfg = Debug|Any CPU
		{D1CED909-7074-4558-864D-BDBE8A64C57C}.Debug|Any CPU.Build.0 = Debug|Any CPU
		{D1CED909-7074-4558-864D-BDBE8A64C57C}.Release|Any CPU.ActiveCfg = Release|Any CPU
		{D1CED909-7074-4558-864D-BDBE8A64C57C}.Release|Any CPU.Build.0 = Release|Any CPU
		{A8AB2BFD-73C6-460D-91BF-0B0A3F9F62DC}.Debug|Any CPU.ActiveCfg = Debug|Any CPU
		{A8AB2BFD-73C6-460D-91BF-0B0A3F9F62DC}.Debug|Any CPU.Build.0 = Debug|Any CPU
		{A8AB2BFD-73C6-460D-91BF-0B0A3F9F62DC}.Release|Any CPU.ActiveCfg = Release|Any CPU
		{A8AB2BFD-73C6-460D-91BF-0B0A3F9F62DC}.Release|Any CPU.Build.0 = Release|Any CPU
		{86FD91C7-5A92-441E-8381-124787E64A2E}.Debug|Any CPU.ActiveCfg = Debug|Any CPU
		{86FD91C7-5A92-441E-8381-124787E64A2E}.Debug|Any CPU.Build.0 = Debug|Any CPU
		{86FD91C7-5A92-441E-8381-124787E64A2E}.Release|Any CPU.ActiveCfg = Release|Any CPU
		{86FD91C7-5A92-441E-8381-124787E64A2E}.Release|Any CPU.Build.0 = Release|Any CPU
		{4FA386A0-F0A7-493D-AB61-D732C1A29294}.Debug|Any CPU.ActiveCfg = Debug|Any CPU
		{4FA386A0-F0A7-493D-AB61-D732C1A29294}.Debug|Any CPU.Build.0 = Debug|Any CPU
		{4FA386A0-F0A7-493D-AB61-D732C1A29294}.Release|Any CPU.ActiveCfg = Release|Any CPU
		{4FA386A0-F0A7-493D-AB61-D732C1A29294}.Release|Any CPU.Build.0 = Release|Any CPU
		{48E2F451-87EB-4920-B1E0-F6F6C9EFDD1E}.Debug|Any CPU.ActiveCfg = Debug|Any CPU
		{48E2F451-87EB-4920-B1E0-F6F6C9EFDD1E}.Debug|Any CPU.Build.0 = Debug|Any CPU
		{48E2F451-87EB-4920-B1E0-F6F6C9EFDD1E}.Release|Any CPU.ActiveCfg = Release|Any CPU
		{48E2F451-87EB-4920-B1E0-F6F6C9EFDD1E}.Release|Any CPU.Build.0 = Release|Any CPU
		{4712BB0C-129F-4F58-86FA-60BFB0E2F2C8}.Debug|Any CPU.ActiveCfg = Debug|Any CPU
		{4712BB0C-129F-4F58-86FA-60BFB0E2F2C8}.Debug|Any CPU.Build.0 = Debug|Any CPU
		{4712BB0C-129F-4F58-86FA-60BFB0E2F2C8}.Release|Any CPU.ActiveCfg = Release|Any CPU
		{4712BB0C-129F-4F58-86FA-60BFB0E2F2C8}.Release|Any CPU.Build.0 = Release|Any CPU
		{48C1C056-058B-4A95-96DC-7CEAF3B604C3}.Debug|Any CPU.ActiveCfg = Debug|Any CPU
		{48C1C056-058B-4A95-96DC-7CEAF3B604C3}.Debug|Any CPU.Build.0 = Debug|Any CPU
		{48C1C056-058B-4A95-96DC-7CEAF3B604C3}.Release|Any CPU.ActiveCfg = Release|Any CPU
		{48C1C056-058B-4A95-96DC-7CEAF3B604C3}.Release|Any CPU.Build.0 = Release|Any CPU
		{48F0636C-F1AE-4F11-ABE3-08D252A14C51}.Debug|Any CPU.ActiveCfg = Debug|Any CPU
		{48F0636C-F1AE-4F11-ABE3-08D252A14C51}.Debug|Any CPU.Build.0 = Debug|Any CPU
		{48F0636C-F1AE-4F11-ABE3-08D252A14C51}.Release|Any CPU.ActiveCfg = Release|Any CPU
		{48F0636C-F1AE-4F11-ABE3-08D252A14C51}.Release|Any CPU.Build.0 = Release|Any CPU
	EndGlobalSection
	GlobalSection(SolutionProperties) = preSolution
		HideSolutionNode = FALSE
	EndGlobalSection
	GlobalSection(NestedProjects) = preSolution
		{713F1038-C74C-4730-BE19-96EC27113F6D} = {071BC8BA-99CB-4F62-A6DC-564C1B23B32D}
		{D1CED909-7074-4558-864D-BDBE8A64C57C} = {071BC8BA-99CB-4F62-A6DC-564C1B23B32D}
		{A8AB2BFD-73C6-460D-91BF-0B0A3F9F62DC} = {071BC8BA-99CB-4F62-A6DC-564C1B23B32D}
		{86FD91C7-5A92-441E-8381-124787E64A2E} = {071BC8BA-99CB-4F62-A6DC-564C1B23B32D}
		{4FA386A0-F0A7-493D-AB61-D732C1A29294} = {071BC8BA-99CB-4F62-A6DC-564C1B23B32D}
		{48E2F451-87EB-4920-B1E0-F6F6C9EFDD1E} = {071BC8BA-99CB-4F62-A6DC-564C1B23B32D}
		{48C1C056-058B-4A95-96DC-7CEAF3B604C3} = {071BC8BA-99CB-4F62-A6DC-564C1B23B32D}
		{48F0636C-F1AE-4F11-ABE3-08D252A14C51} = {071BC8BA-99CB-4F62-A6DC-564C1B23B32D}
	EndGlobalSection
EndGlobal
